
Microsoft Visual Studio Solution File, Format Version 12.00
Project("{FAE04EC0-301F-11D3-BF4B-00C04F79EFBC}") = "HydrogenBot", "HydrogenBot\HydrogenBot.csproj", "{9A801DF3-E839-4138-8D42-C72A4ED287FA}"
EndProject
Global
	GlobalSection(SolutionConfigurationPlatforms) = preSolution
		Debug|Any CPU = Debug|Any CPU
		Release|Any CPU = Release|Any CPU
	EndGlobalSection
	GlobalSection(ProjectConfigurationPlatforms) = postSolution
		{9A801DF3-E839-4138-8D42-C72A4ED287FA}.Debug|Any CPU.ActiveCfg = Debug|Any CPU
		{9A801DF3-E839-4138-8D42-C72A4ED287FA}.Debug|Any CPU.Build.0 = Debug|Any CPU
		{9A801DF3-E839-4138-8D42-C72A4ED287FA}.Release|Any CPU.ActiveCfg = Release|Any CPU
		{9A801DF3-E839-4138-8D42-C72A4ED287FA}.Release|Any CPU.Build.0 = Release|Any CPU
	EndGlobalSection
EndGlobal
